
Microsoft Visual Studio Solution File, Format Version 12.00
# Visual Studio Version 16
VisualStudioVersion = 16.0.30413.136
MinimumVisualStudioVersion = 10.0.40219.1
Project("{9A19103F-16F7-4668-BE54-9A1E7A4F7556}") = "FinancialApp.Web", "FinancialApp.Web\FinancialApp.Web.csproj", "{7B108F24-627B-4E2B-919D-75DCED27E08A}"
EndProject
Project("{9A19103F-16F7-4668-BE54-9A1E7A4F7556}") = "FinancialAppWeb.Tests", "FinancialApp.Tests\FinancialAppWeb.Tests.csproj", "{BF073AF7-55A9-48CA-A991-376CB83C4B53}"
EndProject
Global
	GlobalSection(SolutionConfigurationPlatforms) = preSolution
		Debug|Any CPU = Debug|Any CPU
		Release|Any CPU = Release|Any CPU
	EndGlobalSection
	GlobalSection(ProjectConfigurationPlatforms) = postSolution
		{7B108F24-627B-4E2B-919D-75DCED27E08A}.Debug|Any CPU.ActiveCfg = Debug|Any CPU
		{7B108F24-627B-4E2B-919D-75DCED27E08A}.Debug|Any CPU.Build.0 = Debug|Any CPU
		{7B108F24-627B-4E2B-919D-75DCED27E08A}.Release|Any CPU.ActiveCfg = Release|Any CPU
		{7B108F24-627B-4E2B-919D-75DCED27E08A}.Release|Any CPU.Build.0 = Release|Any CPU
		{BF073AF7-55A9-48CA-A991-376CB83C4B53}.Debug|Any CPU.ActiveCfg = Debug|Any CPU
		{BF073AF7-55A9-48CA-A991-376CB83C4B53}.Debug|Any CPU.Build.0 = Debug|Any CPU
		{BF073AF7-55A9-48CA-A991-376CB83C4B53}.Release|Any CPU.ActiveCfg = Release|Any CPU
		{BF073AF7-55A9-48CA-A991-376CB83C4B53}.Release|Any CPU.Build.0 = Release|Any CPU
	EndGlobalSection
	GlobalSection(SolutionProperties) = preSolution
		HideSolutionNode = FALSE
	EndGlobalSection
	GlobalSection(ExtensibilityGlobals) = postSolution
		SolutionGuid = {A526BD44-0464-4AB5-BC28-69F557071228}
	EndGlobalSection
EndGlobal
